{
  "name": "projeto-marco",
  "version": "1.0.0",
  "lockfileVersion": 3,
  "requires": true,
  "packages": {
    "": {
      "name": "projeto-marco",
      "version": "1.0.0",
      "license": "ISC",
      "dependencies": {
        "fake-indexeddb": "^6.2.2"
      }
    },
    "node_modules/fake-indexeddb": {
      "version": "6.2.2",
      "resolved": "https://registry.npmjs.org/fake-indexeddb/-/fake-indexeddb-6.2.2.tgz",
      "integrity": "sha512-SGbf7fzjeHz3+12NO1dYigcYn4ivviaeULV5yY5rdGihBvvgwMds4r4UBbNIUMwkze57KTDm32rq3j1Az8mzEw==",
      "license": "Apache-2.0",
      "engines": {
        "node": ">=18"
      }
    }
  }
}
